
Microsoft Visual Studio Solution File, Format Version 12.00
# Visual Studio Version 16
VisualStudioVersion = 16.0.31605.320
MinimumVisualStudioVersion = 10.0.40219.1
Project("{9A19103F-16F7-4668-BE54-9A1E7A4F7556}") = "clinic", "clinic\clinic.csproj", "{59E5B648-7403-4E5E-AA29-BD2B690BFC98}"
EndProject
Project("{9A19103F-16F7-4668-BE54-9A1E7A4F7556}") = "Logic", "Logic\Logic.csproj", "{AC871F2E-739E-4A43-AF52-4C9F976D235D}"
EndProject
Project("{9A19103F-16F7-4668-BE54-9A1E7A4F7556}") = "Data", "Data\Data.csproj", "{86C4714B-709B-48A8-9448-4F4163235421}"
EndProject
Project("{9A19103F-16F7-4668-BE54-9A1E7A4F7556}") = "Domain", "Domain\Domain.csproj", "{0D334B95-5F74-441F-ADC1-F80417871CAC}"
EndProject
Global
	GlobalSection(SolutionConfigurationPlatforms) = preSolution
		Debug|Any CPU = Debug|Any CPU
		Release|Any CPU = Release|Any CPU
	EndGlobalSection
	GlobalSection(ProjectConfigurationPlatforms) = postSolution
		{59E5B648-7403-4E5E-AA29-BD2B690BFC98}.Debug|Any CPU.ActiveCfg = Debug|Any CPU
		{59E5B648-7403-4E5E-AA29-BD2B690BFC98}.Debug|Any CPU.Build.0 = Debug|Any CPU
		{59E5B648-7403-4E5E-AA29-BD2B690BFC98}.Release|Any CPU.ActiveCfg = Release|Any CPU
		{59E5B648-7403-4E5E-AA29-BD2B690BFC98}.Release|Any CPU.Build.0 = Release|Any CPU
		{AC871F2E-739E-4A43-AF52-4C9F976D235D}.Debug|Any CPU.ActiveCfg = Debug|Any CPU
		{AC871F2E-739E-4A43-AF52-4C9F976D235D}.Debug|Any CPU.Build.0 = Debug|Any CPU
		{AC871F2E-739E-4A43-AF52-4C9F976D235D}.Release|Any CPU.ActiveCfg = Release|Any CPU
		{AC871F2E-739E-4A43-AF52-4C9F976D235D}.Release|Any CPU.Build.0 = Release|Any CPU
		{86C4714B-709B-48A8-9448-4F4163235421}.Debug|Any CPU.ActiveCfg = Debug|Any CPU
		{86C4714B-709B-48A8-9448-4F4163235421}.Debug|Any CPU.Build.0 = Debug|Any CPU
		{86C4714B-709B-48A8-9448-4F4163235421}.Release|Any CPU.ActiveCfg = Release|Any CPU
		{86C4714B-709B-48A8-9448-4F4163235421}.Release|Any CPU.Build.0 = Release|Any CPU
		{0D334B95-5F74-441F-ADC1-F80417871CAC}.Debug|Any CPU.ActiveCfg = Debug|Any CPU
		{0D334B95-5F74-441F-ADC1-F80417871CAC}.Debug|Any CPU.Build.0 = Debug|Any CPU
		{0D334B95-5F74-441F-ADC1-F80417871CAC}.Release|Any CPU.ActiveCfg = Release|Any CPU
		{0D334B95-5F74-441F-ADC1-F80417871CAC}.Release|Any CPU.Build.0 = Release|Any CPU
	EndGlobalSection
	GlobalSection(SolutionProperties) = preSolution
		HideSolutionNode = FALSE
	EndGlobalSection
	GlobalSection(ExtensibilityGlobals) = postSolution
		SolutionGuid = {90BE03FC-840F-4129-B7E4-6D00986A2E93}
	EndGlobalSection
EndGlobal
